
Microsoft Visual Studio Solution File, Format Version 12.00
# Visual Studio 15
Project("{FAE04EC0-301F-11D3-BF4B-00C04F79EFBC}") = "UnityEngine.TestRunner", "UnityEngine.TestRunner.csproj", "{8F75D384-12B8-2E70-BA29-F08162449637}"
EndProject
Project("{FAE04EC0-301F-11D3-BF4B-00C04F79EFBC}") = "Unity.Mathematics", "Unity.Mathematics.csproj", "{4ED91824-79F4-6429-0FA0-29C7AAFC26BC}"
EndProject
Project("{FAE04EC0-301F-11D3-BF4B-00C04F79EFBC}") = "Unity.2D.Animation.Triangle.Runtime", "Unity.2D.Animation.Triangle.Runtime.csproj", "{3BA1FD8B-493B-9F9D-0D4F-81A982901F9C}"
EndProject
Project("{FAE04EC0-301F-11D3-BF4B-00C04F79EFBC}") = "Unity.Timeline", "Unity.Timeline.csproj", "{B175C089-9FBB-1906-70AC-99E27D878142}"
EndProject
Project("{FAE04EC0-301F-11D3-BF4B-00C04F79EFBC}") = "UnityEngine.UI", "UnityEngine.UI.csproj", "{2D29DDE3-0A7A-EDE2-DE68-B5B3D95BE8C5}"
EndProject
Project("{FAE04EC0-301F-11D3-BF4B-00C04F79EFBC}") = "Unity.TextMeshPro", "Unity.TextMeshPro.csproj", "{CFC2CF74-9A55-DF15-2BC9-25D7F23D2D2B}"
EndProject
Project("{FAE04EC0-301F-11D3-BF4B-00C04F79EFBC}") = "Unity.2D.Animation.Runtime", "Unity.2D.Animation.Runtime.csproj", "{C171CA27-66C5-2B29-4672-CDEAB5611D51}"
EndProject
Project("{FAE04EC0-301F-11D3-BF4B-00C04F79EFBC}") = "Unity.2D.IK.Runtime", "Unity.2D.IK.Runtime.csproj", "{D041ECAF-310D-DA6D-3C5F-A7B13C249942}"
EndProject
Project("{FAE04EC0-301F-11D3-BF4B-00C04F79EFBC}") = "Assembly-CSharp", "Assembly-CSharp.csproj", "{5AA8AB77-012E-A408-003E-096DC350D41E}"
EndProject
Project("{FAE04EC0-301F-11D3-BF4B-00C04F79EFBC}") = "Unity.2D.SpriteShape.Runtime", "Unity.2D.SpriteShape.Runtime.csproj", "{930BC256-C234-0FD9-3204-C1CEF0D48FE7}"
EndProject
Project("{FAE04EC0-301F-11D3-BF4B-00C04F79EFBC}") = "Unity.2D.PixelPerfect", "Unity.2D.PixelPerfect.csproj", "{1337BEB1-12B9-5381-3AC7-A1E5927A5796}"
EndProject
Project("{FAE04EC0-301F-11D3-BF4B-00C04F79EFBC}") = "Unity.2D.Common.Runtime", "Unity.2D.Common.Runtime.csproj", "{F6770988-436D-8C82-31CB-1CAE5EDE57D4}"
EndProject
Project("{FAE04EC0-301F-11D3-BF4B-00C04F79EFBC}") = "Unity.InternalAPIEngineBridge.001", "Unity.InternalAPIEngineBridge.001.csproj", "{4938EE34-8C0F-9AF8-9ED3-B3DF9C27CFFE}"
EndProject
Project("{FAE04EC0-301F-11D3-BF4B-00C04F79EFBC}") = "UnityEditor.TestRunner", "UnityEditor.TestRunner.csproj", "{4783EE59-7717-C999-E07D-8C04B068CD93}"
EndProject
Project("{FAE04EC0-301F-11D3-BF4B-00C04F79EFBC}") = "UnityEditor.UI", "UnityEditor.UI.csproj", "{2B5B6F0E-CA45-A1FE-F573-C7AD7CB75F6C}"
EndProject
Project("{FAE04EC0-301F-11D3-BF4B-00C04F79EFBC}") = "Unity.Timeline.Editor", "Unity.Timeline.Editor.csproj", "{17A580A8-E05F-C6AA-78AE-8D1035AC5B4D}"
EndProject
Project("{FAE04EC0-301F-11D3-BF4B-00C04F79EFBC}") = "Unity.VisualStudio.Editor", "Unity.VisualStudio.Editor.csproj", "{B828020F-BE5E-39C5-3D29-61171BF982E7}"
EndProject
Project("{FAE04EC0-301F-11D3-BF4B-00C04F79EFBC}") = "Unity.2D.Psdimporter.Editor", "Unity.2D.Psdimporter.Editor.csproj", "{2E7C8FED-45BB-A485-528E-F128CAB7E7BB}"
EndProject
Project("{FAE04EC0-301F-11D3-BF4B-00C04F79EFBC}") = "Unity.2D.Animation.Editor", "Unity.2D.Animation.Editor.csproj", "{5D10F64D-083A-64C0-3557-DBEEF00C2C78}"
EndProject
Project("{FAE04EC0-301F-11D3-BF4B-00C04F79EFBC}") = "Unity.TextMeshPro.Editor", "Unity.TextMeshPro.Editor.csproj", "{A22012AB-0FC1-3775-1331-1E80F32D2E28}"
EndProject
Project("{FAE04EC0-301F-11D3-BF4B-00C04F79EFBC}") = "Unity.2D.SpriteShape.Editor", "Unity.2D.SpriteShape.Editor.csproj", "{3C026987-3218-A8BA-3D6A-6194AA30DBAA}"
EndProject
Project("{FAE04EC0-301F-11D3-BF4B-00C04F79EFBC}") = "Unity.CollabProxy.Editor", "Unity.CollabProxy.Editor.csproj", "{47BC59BF-C3D2-68BE-DD26-30A78AFE3620}"
EndProject
Project("{FAE04EC0-301F-11D3-BF4B-00C04F79EFBC}") = "PsdPlugin", "PsdPlugin.csproj", "{A1187276-6D5D-6DE1-245F-627C69BAE23E}"
EndProject
Project("{FAE04EC0-301F-11D3-BF4B-00C04F79EFBC}") = "Unity.2D.Path.Editor", "Unity.2D.Path.Editor.csproj", "{6FA9CEA4-5527-7FBC-8FEC-6700673CCF21}"
EndProject
Project("{FAE04EC0-301F-11D3-BF4B-00C04F79EFBC}") = "Unity.Rider.Editor", "Unity.Rider.Editor.csproj", "{831F13D7-81EA-D159-E784-10639BEC8135}"
EndProject
Project("{FAE04EC0-301F-11D3-BF4B-00C04F79EFBC}") = "Unity.2D.IK.Editor", "Unity.2D.IK.Editor.csproj", "{DD2731E4-8734-584C-08F2-2890DF2792C8}"
EndProject
Project("{FAE04EC0-301F-11D3-BF4B-00C04F79EFBC}") = "Unity.2D.Sprite.Editor", "Unity.2D.Sprite.Editor.csproj", "{C63EA8DF-EDB3-FC0B-1AEB-A745E17975B6}"
EndProject
Project("{FAE04EC0-301F-11D3-BF4B-00C04F79EFBC}") = "Unity.2D.Tilemap.Editor", "Unity.2D.Tilemap.Editor.csproj", "{FA5B3E2D-2F1D-BCD8-401B-E5B6E67B1521}"
EndProject
Project("{FAE04EC0-301F-11D3-BF4B-00C04F79EFBC}") = "Unity.2D.PixelPerfect.Editor", "Unity.2D.PixelPerfect.Editor.csproj", "{356E7CAE-8D7F-4718-C022-AD7C8050889F}"
EndProject
Project("{FAE04EC0-301F-11D3-BF4B-00C04F79EFBC}") = "Unity.VSCode.Editor", "Unity.VSCode.Editor.csproj", "{77B6C1C5-53C4-5D77-5817-F5B77DD78CD3}"
EndProject
Project("{FAE04EC0-301F-11D3-BF4B-00C04F79EFBC}") = "Unity.2D.Common.Editor", "Unity.2D.Common.Editor.csproj", "{AF05E014-3BA5-8AE5-CDAE-0187F6ABC4C0}"
EndProject
Project("{FAE04EC0-301F-11D3-BF4B-00C04F79EFBC}") = "Unity.Mathematics.Editor", "Unity.Mathematics.Editor.csproj", "{E58AE805-7875-9FED-A412-F07E0912A6BA}"
EndProject
Project("{FAE04EC0-301F-11D3-BF4B-00C04F79EFBC}") = "Unity.InternalAPIEditorBridge.001", "Unity.InternalAPIEditorBridge.001.csproj", "{545F3B94-C6C6-3073-6979-664F872A5E08}"
EndProject
Project("{FAE04EC0-301F-11D3-BF4B-00C04F79EFBC}") = "UnityEngine.TestRunner", "UnityEngine.TestRunner.Player.csproj", "{DFD44A5C-3362-6695-FB60-20A318A9D2CF}"
EndProject
Project("{FAE04EC0-301F-11D3-BF4B-00C04F79EFBC}") = "Unity.Mathematics", "Unity.Mathematics.Player.csproj", "{B269725C-FE60-10D7-9181-9E1B6AE2ED80}"
EndProject
Project("{FAE04EC0-301F-11D3-BF4B-00C04F79EFBC}") = "Unity.2D.Animation.Triangle.Runtime", "Unity.2D.Animation.Triangle.Runtime.Player.csproj", "{B8889AF5-FC5A-B60F-C443-D4C35B514981}"
EndProject
Project("{FAE04EC0-301F-11D3-BF4B-00C04F79EFBC}") = "Unity.Timeline", "Unity.Timeline.Player.csproj", "{685CADC4-6174-6243-A397-D2D02D7D4C31}"
EndProject
Project("{FAE04EC0-301F-11D3-BF4B-00C04F79EFBC}") = "UnityEngine.UI", "UnityEngine.UI.Player.csproj", "{FF1DC8C1-0994-FA80-DB1C-407600E11A40}"
EndProject
Project("{FAE04EC0-301F-11D3-BF4B-00C04F79EFBC}") = "Unity.TextMeshPro", "Unity.TextMeshPro.Player.csproj", "{821B1F4E-86F3-2DD3-ABA9-9AECB63EF4B5}"
EndProject
Project("{FAE04EC0-301F-11D3-BF4B-00C04F79EFBC}") = "Unity.2D.Animation.Runtime", "Unity.2D.Animation.Runtime.Player.csproj", "{87C7A9FC-DDFC-9960-1091-424207EDFB15}"
EndProject
Project("{FAE04EC0-301F-11D3-BF4B-00C04F79EFBC}") = "Unity.2D.IK.Runtime", "Unity.2D.IK.Runtime.Player.csproj", "{9E106B17-942A-FF50-A5D5-7ECEF1D8B976}"
EndProject
Project("{FAE04EC0-301F-11D3-BF4B-00C04F79EFBC}") = "Assembly-CSharp", "Assembly-CSharp.Player.csproj", "{1BC1A64F-4896-6A15-46BD-63856F84DC07}"
EndProject
Project("{FAE04EC0-301F-11D3-BF4B-00C04F79EFBC}") = "Unity.2D.SpriteShape.Runtime", "Unity.2D.SpriteShape.Runtime.Player.csproj", "{BD0CDD23-038A-D5AA-663B-E295F61BD82C}"
EndProject
Project("{FAE04EC0-301F-11D3-BF4B-00C04F79EFBC}") = "Unity.2D.PixelPerfect", "Unity.2D.PixelPerfect.Player.csproj", "{6FE4DBD9-BA0C-E261-A687-7056250AAE58}"
EndProject
Project("{FAE04EC0-301F-11D3-BF4B-00C04F79EFBC}") = "Unity.2D.Common.Runtime", "Unity.2D.Common.Runtime.Player.csproj", "{BAAF932D-FCFA-5DA4-B704-F20FE4680D7A}"
EndProject
Project("{FAE04EC0-301F-11D3-BF4B-00C04F79EFBC}") = "Unity.InternalAPIEngineBridge.001", "Unity.InternalAPIEngineBridge.001.Player.csproj", "{BBF6C431-DEC1-F0C2-F79B-8341EE4ECE17}"
EndProject
Global
	GlobalSection(SolutionConfigurationPlatforms) = preSolution
		Debug|Any CPU = Debug|Any CPU
		Release|Any CPU = Release|Any CPU
	EndGlobalSection
	GlobalSection(ProjectConfigurationPlatforms) = postSolution
		{8F75D384-12B8-2E70-BA29-F08162449637}.Debug|Any CPU.ActiveCfg = Debug|Any CPU
		{8F75D384-12B8-2E70-BA29-F08162449637}.Debug|Any CPU.Build.0 = Debug|Any CPU
		{8F75D384-12B8-2E70-BA29-F08162449637}.Release|Any CPU.ActiveCfg = Release|Any CPU
		{8F75D384-12B8-2E70-BA29-F08162449637}.Release|Any CPU.Build.0 = Release|Any CPU
		{4ED91824-79F4-6429-0FA0-29C7AAFC26BC}.Debug|Any CPU.ActiveCfg = Debug|Any CPU
		{4ED91824-79F4-6429-0FA0-29C7AAFC26BC}.Debug|Any CPU.Build.0 = Debug|Any CPU
		{4ED91824-79F4-6429-0FA0-29C7AAFC26BC}.Release|Any CPU.ActiveCfg = Release|Any CPU
		{4ED91824-79F4-6429-0FA0-29C7AAFC26BC}.Release|Any CPU.Build.0 = Release|Any CPU
		{3BA1FD8B-493B-9F9D-0D4F-81A982901F9C}.Debug|Any CPU.ActiveCfg = Debug|Any CPU
		{3BA1FD8B-493B-9F9D-0D4F-81A982901F9C}.Debug|Any CPU.Build.0 = Debug|Any CPU
		{3BA1FD8B-493B-9F9D-0D4F-81A982901F9C}.Release|Any CPU.ActiveCfg = Release|Any CPU
		{3BA1FD8B-493B-9F9D-0D4F-81A982901F9C}.Release|Any CPU.Build.0 = Release|Any CPU
		{B175C089-9FBB-1906-70AC-99E27D878142}.Debug|Any CPU.ActiveCfg = Debug|Any CPU
		{B175C089-9FBB-1906-70AC-99E27D878142}.Debug|Any CPU.Build.0 = Debug|Any CPU
		{B175C089-9FBB-1906-70AC-99E27D878142}.Release|Any CPU.ActiveCfg = Release|Any CPU
		{B175C089-9FBB-1906-70AC-99E27D878142}.Release|Any CPU.Build.0 = Release|Any CPU
		{2D29DDE3-0A7A-EDE2-DE68-B5B3D95BE8C5}.Debug|Any CPU.ActiveCfg = Debug|Any CPU
		{2D29DDE3-0A7A-EDE2-DE68-B5B3D95BE8C5}.Debug|Any CPU.Build.0 = Debug|Any CPU
		{2D29DDE3-0A7A-EDE2-DE68-B5B3D95BE8C5}.Release|Any CPU.ActiveCfg = Release|Any CPU
		{2D29DDE3-0A7A-EDE2-DE68-B5B3D95BE8C5}.Release|Any CPU.Build.0 = Release|Any CPU
		{CFC2CF74-9A55-DF15-2BC9-25D7F23D2D2B}.Debug|Any CPU.ActiveCfg = Debug|Any CPU
		{CFC2CF74-9A55-DF15-2BC9-25D7F23D2D2B}.Debug|Any CPU.Build.0 = Debug|Any CPU
		{CFC2CF74-9A55-DF15-2BC9-25D7F23D2D2B}.Release|Any CPU.ActiveCfg = Release|Any CPU
		{CFC2CF74-9A55-DF15-2BC9-25D7F23D2D2B}.Release|Any CPU.Build.0 = Release|Any CPU
		{C171CA27-66C5-2B29-4672-CDEAB5611D51}.Debug|Any CPU.ActiveCfg = Debug|Any CPU
		{C171CA27-66C5-2B29-4672-CDEAB5611D51}.Debug|Any CPU.Build.0 = Debug|Any CPU
		{C171CA27-66C5-2B29-4672-CDEAB5611D51}.Release|Any CPU.ActiveCfg = Release|Any CPU
		{C171CA27-66C5-2B29-4672-CDEAB5611D51}.Release|Any CPU.Build.0 = Release|Any CPU
		{D041ECAF-310D-DA6D-3C5F-A7B13C249942}.Debug|Any CPU.ActiveCfg = Debug|Any CPU
		{D041ECAF-310D-DA6D-3C5F-A7B13C249942}.Debug|Any CPU.Build.0 = Debug|Any CPU
		{D041ECAF-310D-DA6D-3C5F-A7B13C249942}.Release|Any CPU.ActiveCfg = Release|Any CPU
		{D041ECAF-310D-DA6D-3C5F-A7B13C249942}.Release|Any CPU.Build.0 = Release|Any CPU
		{5AA8AB77-012E-A408-003E-096DC350D41E}.Debug|Any CPU.ActiveCfg = Debug|Any CPU
		{5AA8AB77-012E-A408-003E-096DC350D41E}.Debug|Any CPU.Build.0 = Debug|Any CPU
		{5AA8AB77-012E-A408-003E-096DC350D41E}.Release|Any CPU.ActiveCfg = Release|Any CPU
		{5AA8AB77-012E-A408-003E-096DC350D41E}.Release|Any CPU.Build.0 = Release|Any CPU
		{930BC256-C234-0FD9-3204-C1CEF0D48FE7}.Debug|Any CPU.ActiveCfg = Debug|Any CPU
		{930BC256-C234-0FD9-3204-C1CEF0D48FE7}.Debug|Any CPU.Build.0 = Debug|Any CPU
		{930BC256-C234-0FD9-3204-C1CEF0D48FE7}.Release|Any CPU.ActiveCfg = Release|Any CPU
		{930BC256-C234-0FD9-3204-C1CEF0D48FE7}.Release|Any CPU.Build.0 = Release|Any CPU
		{1337BEB1-12B9-5381-3AC7-A1E5927A5796}.Debug|Any CPU.ActiveCfg = Debug|Any CPU
		{1337BEB1-12B9-5381-3AC7-A1E5927A5796}.Debug|Any CPU.Build.0 = Debug|Any CPU
		{1337BEB1-12B9-5381-3AC7-A1E5927A5796}.Release|Any CPU.ActiveCfg = Release|Any CPU
		{1337BEB1-12B9-5381-3AC7-A1E5927A5796}.Release|Any CPU.Build.0 = Release|Any CPU
		{F6770988-436D-8C82-31CB-1CAE5EDE57D4}.Debug|Any CPU.ActiveCfg = Debug|Any CPU
		{F6770988-436D-8C82-31CB-1CAE5EDE57D4}.Debug|Any CPU.Build.0 = Debug|Any CPU
		{F6770988-436D-8C82-31CB-1CAE5EDE57D4}.Release|Any CPU.ActiveCfg = Release|Any CPU
		{F6770988-436D-8C82-31CB-1CAE5EDE57D4}.Release|Any CPU.Build.0 = Release|Any CPU
		{4938EE34-8C0F-9AF8-9ED3-B3DF9C27CFFE}.Debug|Any CPU.ActiveCfg = Debug|Any CPU
		{4938EE34-8C0F-9AF8-9ED3-B3DF9C27CFFE}.Debug|Any CPU.Build.0 = Debug|Any CPU
		{4938EE34-8C0F-9AF8-9ED3-B3DF9C27CFFE}.Release|Any CPU.ActiveCfg = Release|Any CPU
		{4938EE34-8C0F-9AF8-9ED3-B3DF9C27CFFE}.Release|Any CPU.Build.0 = Release|Any CPU
		{4783EE59-7717-C999-E07D-8C04B068CD93}.Debug|Any CPU.ActiveCfg = Debug|Any CPU
		{4783EE59-7717-C999-E07D-8C04B068CD93}.Debug|Any CPU.Build.0 = Debug|Any CPU
		{4783EE59-7717-C999-E07D-8C04B068CD93}.Release|Any CPU.ActiveCfg = Release|Any CPU
		{4783EE59-7717-C999-E07D-8C04B068CD93}.Release|Any CPU.Build.0 = Release|Any CPU
		{2B5B6F0E-CA45-A1FE-F573-C7AD7CB75F6C}.Debug|Any CPU.ActiveCfg = Debug|Any CPU
		{2B5B6F0E-CA45-A1FE-F573-C7AD7CB75F6C}.Debug|Any CPU.Build.0 = Debug|Any CPU
		{2B5B6F0E-CA45-A1FE-F573-C7AD7CB75F6C}.Release|Any CPU.ActiveCfg = Release|Any CPU
		{2B5B6F0E-CA45-A1FE-F573-C7AD7CB75F6C}.Release|Any CPU.Build.0 = Release|Any CPU
		{17A580A8-E05F-C6AA-78AE-8D1035AC5B4D}.Debug|Any CPU.ActiveCfg = Debug|Any CPU
		{17A580A8-E05F-C6AA-78AE-8D1035AC5B4D}.Debug|Any CPU.Build.0 = Debug|Any CPU
		{17A580A8-E05F-C6AA-78AE-8D1035AC5B4D}.Release|Any CPU.ActiveCfg = Release|Any CPU
		{17A580A8-E05F-C6AA-78AE-8D1035AC5B4D}.Release|Any CPU.Build.0 = Release|Any CPU
		{B828020F-BE5E-39C5-3D29-61171BF982E7}.Debug|Any CPU.ActiveCfg = Debug|Any CPU
		{B828020F-BE5E-39C5-3D29-61171BF982E7}.Debug|Any CPU.Build.0 = Debug|Any CPU
		{B828020F-BE5E-39C5-3D29-61171BF982E7}.Release|Any CPU.ActiveCfg = Release|Any CPU
		{B828020F-BE5E-39C5-3D29-61171BF982E7}.Release|Any CPU.Build.0 = Release|Any CPU
		{2E7C8FED-45BB-A485-528E-F128CAB7E7BB}.Debug|Any CPU.ActiveCfg = Debug|Any CPU
		{2E7C8FED-45BB-A485-528E-F128CAB7E7BB}.Debug|Any CPU.Build.0 = Debug|Any CPU
		{2E7C8FED-45BB-A485-528E-F128CAB7E7BB}.Release|Any CPU.ActiveCfg = Release|Any CPU
		{2E7C8FED-45BB-A485-528E-F128CAB7E7BB}.Release|Any CPU.Build.0 = Release|Any CPU
		{5D10F64D-083A-64C0-3557-DBEEF00C2C78}.Debug|Any CPU.ActiveCfg = Debug|Any CPU
		{5D10F64D-083A-64C0-3557-DBEEF00C2C78}.Debug|Any CPU.Build.0 = Debug|Any CPU
		{5D10F64D-083A-64C0-3557-DBEEF00C2C78}.Release|Any CPU.ActiveCfg = Release|Any CPU
		{5D10F64D-083A-64C0-3557-DBEEF00C2C78}.Release|Any CPU.Build.0 = Release|Any CPU
		{A22012AB-0FC1-3775-1331-1E80F32D2E28}.Debug|Any CPU.ActiveCfg = Debug|Any CPU
		{A22012AB-0FC1-3775-1331-1E80F32D2E28}.Debug|Any CPU.Build.0 = Debug|Any CPU
		{A22012AB-0FC1-3775-1331-1E80F32D2E28}.Release|Any CPU.ActiveCfg = Release|Any CPU
		{A22012AB-0FC1-3775-1331-1E80F32D2E28}.Release|Any CPU.Build.0 = Release|Any CPU
		{3C026987-3218-A8BA-3D6A-6194AA30DBAA}.Debug|Any CPU.ActiveCfg = Debug|Any CPU
		{3C026987-3218-A8BA-3D6A-6194AA30DBAA}.Debug|Any CPU.Build.0 = Debug|Any CPU
		{3C026987-3218-A8BA-3D6A-6194AA30DBAA}.Release|Any CPU.ActiveCfg = Release|Any CPU
		{3C026987-3218-A8BA-3D6A-6194AA30DBAA}.Release|Any CPU.Build.0 = Release|Any CPU
		{47BC59BF-C3D2-68BE-DD26-30A78AFE3620}.Debug|Any CPU.ActiveCfg = Debug|Any CPU
		{47BC59BF-C3D2-68BE-DD26-30A78AFE3620}.Debug|Any CPU.Build.0 = Debug|Any CPU
		{47BC59BF-C3D2-68BE-DD26-30A78AFE3620}.Release|Any CPU.ActiveCfg = Release|Any CPU
		{47BC59BF-C3D2-68BE-DD26-30A78AFE3620}.Release|Any CPU.Build.0 = Release|Any CPU
		{A1187276-6D5D-6DE1-245F-627C69BAE23E}.Debug|Any CPU.ActiveCfg = Debug|Any CPU
		{A1187276-6D5D-6DE1-245F-627C69BAE23E}.Debug|Any CPU.Build.0 = Debug|Any CPU
		{A1187276-6D5D-6DE1-245F-627C69BAE23E}.Release|Any CPU.ActiveCfg = Release|Any CPU
		{A1187276-6D5D-6DE1-245F-627C69BAE23E}.Release|Any CPU.Build.0 = Release|Any CPU
		{6FA9CEA4-5527-7FBC-8FEC-6700673CCF21}.Debug|Any CPU.ActiveCfg = Debug|Any CPU
		{6FA9CEA4-5527-7FBC-8FEC-6700673CCF21}.Debug|Any CPU.Build.0 = Debug|Any CPU
		{6FA9CEA4-5527-7FBC-8FEC-6700673CCF21}.Release|Any CPU.ActiveCfg = Release|Any CPU
		{6FA9CEA4-5527-7FBC-8FEC-6700673CCF21}.Release|Any CPU.Build.0 = Release|Any CPU
		{831F13D7-81EA-D159-E784-10639BEC8135}.Debug|Any CPU.ActiveCfg = Debug|Any CPU
		{831F13D7-81EA-D159-E784-10639BEC8135}.Debug|Any CPU.Build.0 = Debug|Any CPU
		{831F13D7-81EA-D159-E784-10639BEC8135}.Release|Any CPU.ActiveCfg = Release|Any CPU
		{831F13D7-81EA-D159-E784-10639BEC8135}.Release|Any CPU.Build.0 = Release|Any CPU
		{DD2731E4-8734-584C-08F2-2890DF2792C8}.Debug|Any CPU.ActiveCfg = Debug|Any CPU
		{DD2731E4-8734-584C-08F2-2890DF2792C8}.Debug|Any CPU.Build.0 = Debug|Any CPU
		{DD2731E4-8734-584C-08F2-2890DF2792C8}.Release|Any CPU.ActiveCfg = Release|Any CPU
		{DD2731E4-8734-584C-08F2-2890DF2792C8}.Release|Any CPU.Build.0 = Release|Any CPU
		{C63EA8DF-EDB3-FC0B-1AEB-A745E17975B6}.Debug|Any CPU.ActiveCfg = Debug|Any CPU
		{C63EA8DF-EDB3-FC0B-1AEB-A745E17975B6}.Debug|Any CPU.Build.0 = Debug|Any CPU
		{C63EA8DF-EDB3-FC0B-1AEB-A745E17975B6}.Release|Any CPU.ActiveCfg = Release|Any CPU
		{C63EA8DF-EDB3-FC0B-1AEB-A745E17975B6}.Release|Any CPU.Build.0 = Release|Any CPU
		{FA5B3E2D-2F1D-BCD8-401B-E5B6E67B1521}.Debug|Any CPU.ActiveCfg = Debug|Any CPU
		{FA5B3E2D-2F1D-BCD8-401B-E5B6E67B1521}.Debug|Any CPU.Build.0 = Debug|Any CPU
		{FA5B3E2D-2F1D-BCD8-401B-E5B6E67B1521}.Release|Any CPU.ActiveCfg = Release|Any CPU
		{FA5B3E2D-2F1D-BCD8-401B-E5B6E67B1521}.Release|Any CPU.Build.0 = Release|Any CPU
		{356E7CAE-8D7F-4718-C022-AD7C8050889F}.Debug|Any CPU.ActiveCfg = Debug|Any CPU
		{356E7CAE-8D7F-4718-C022-AD7C8050889F}.Debug|Any CPU.Build.0 = Debug|Any CPU
		{356E7CAE-8D7F-4718-C022-AD7C8050889F}.Release|Any CPU.ActiveCfg = Release|Any CPU
		{356E7CAE-8D7F-4718-C022-AD7C8050889F}.Release|Any CPU.Build.0 = Release|Any CPU
		{77B6C1C5-53C4-5D77-5817-F5B77DD78CD3}.Debug|Any CPU.ActiveCfg = Debug|Any CPU
		{77B6C1C5-53C4-5D77-5817-F5B77DD78CD3}.Debug|Any CPU.Build.0 = Debug|Any CPU
		{77B6C1C5-53C4-5D77-5817-F5B77DD78CD3}.Release|Any CPU.ActiveCfg = Release|Any CPU
		{77B6C1C5-53C4-5D77-5817-F5B77DD78CD3}.Release|Any CPU.Build.0 = Release|Any CPU
		{AF05E014-3BA5-8AE5-CDAE-0187F6ABC4C0}.Debug|Any CPU.ActiveCfg = Debug|Any CPU
		{AF05E014-3BA5-8AE5-CDAE-0187F6ABC4C0}.Debug|Any CPU.Build.0 = Debug|Any CPU
		{AF05E014-3BA5-8AE5-CDAE-0187F6ABC4C0}.Release|Any CPU.ActiveCfg = Release|Any CPU
		{AF05E014-3BA5-8AE5-CDAE-0187F6ABC4C0}.Release|Any CPU.Build.0 = Release|Any CPU
		{E58AE805-7875-9FED-A412-F07E0912A6BA}.Debug|Any CPU.ActiveCfg = Debug|Any CPU
		{E58AE805-7875-9FED-A412-F07E0912A6BA}.Debug|Any CPU.Build.0 = Debug|Any CPU
		{E58AE805-7875-9FED-A412-F07E0912A6BA}.Release|Any CPU.ActiveCfg = Release|Any CPU
		{E58AE805-7875-9FED-A412-F07E0912A6BA}.Release|Any CPU.Build.0 = Release|Any CPU
		{545F3B94-C6C6-3073-6979-664F872A5E08}.Debug|Any CPU.ActiveCfg = Debug|Any CPU
		{545F3B94-C6C6-3073-6979-664F872A5E08}.Debug|Any CPU.Build.0 = Debug|Any CPU
		{545F3B94-C6C6-3073-6979-664F872A5E08}.Release|Any CPU.ActiveCfg = Release|Any CPU
		{545F3B94-C6C6-3073-6979-664F872A5E08}.Release|Any CPU.Build.0 = Release|Any CPU
		{DFD44A5C-3362-6695-FB60-20A318A9D2CF}.Debug|Any CPU.ActiveCfg = Debug|Any CPU
		{DFD44A5C-3362-6695-FB60-20A318A9D2CF}.Debug|Any CPU.Build.0 = Debug|Any CPU
		{DFD44A5C-3362-6695-FB60-20A318A9D2CF}.Release|Any CPU.ActiveCfg = Release|Any CPU
		{DFD44A5C-3362-6695-FB60-20A318A9D2CF}.Release|Any CPU.Build.0 = Release|Any CPU
		{B269725C-FE60-10D7-9181-9E1B6AE2ED80}.Debug|Any CPU.ActiveCfg = Debug|Any CPU
		{B269725C-FE60-10D7-9181-9E1B6AE2ED80}.Debug|Any CPU.Build.0 = Debug|Any CPU
		{B269725C-FE60-10D7-9181-9E1B6AE2ED80}.Release|Any CPU.ActiveCfg = Release|Any CPU
		{B269725C-FE60-10D7-9181-9E1B6AE2ED80}.Release|Any CPU.Build.0 = Release|Any CPU
		{B8889AF5-FC5A-B60F-C443-D4C35B514981}.Debug|Any CPU.ActiveCfg = Debug|Any CPU
		{B8889AF5-FC5A-B60F-C443-D4C35B514981}.Debug|Any CPU.Build.0 = Debug|Any CPU
		{B8889AF5-FC5A-B60F-C443-D4C35B514981}.Release|Any CPU.ActiveCfg = Release|Any CPU
		{B8889AF5-FC5A-B60F-C443-D4C35B514981}.Release|Any CPU.Build.0 = Release|Any CPU
		{685CADC4-6174-6243-A397-D2D02D7D4C31}.Debug|Any CPU.ActiveCfg = Debug|Any CPU
		{685CADC4-6174-6243-A397-D2D02D7D4C31}.Debug|Any CPU.Build.0 = Debug|Any CPU
		{685CADC4-6174-6243-A397-D2D02D7D4C31}.Release|Any CPU.ActiveCfg = Release|Any CPU
		{685CADC4-6174-6243-A397-D2D02D7D4C31}.Release|Any CPU.Build.0 = Release|Any CPU
		{FF1DC8C1-0994-FA80-DB1C-407600E11A40}.Debug|Any CPU.ActiveCfg = Debug|Any CPU
		{FF1DC8C1-0994-FA80-DB1C-407600E11A40}.Debug|Any CPU.Build.0 = Debug|Any CPU
		{FF1DC8C1-0994-FA80-DB1C-407600E11A40}.Release|Any CPU.ActiveCfg = Release|Any CPU
		{FF1DC8C1-0994-FA80-DB1C-407600E11A40}.Release|Any CPU.Build.0 = Release|Any CPU
		{821B1F4E-86F3-2DD3-ABA9-9AECB63EF4B5}.Debug|Any CPU.ActiveCfg = Debug|Any CPU
		{821B1F4E-86F3-2DD3-ABA9-9AECB63EF4B5}.Debug|Any CPU.Build.0 = Debug|Any CPU
		{821B1F4E-86F3-2DD3-ABA9-9AECB63EF4B5}.Release|Any CPU.ActiveCfg = Release|Any CPU
		{821B1F4E-86F3-2DD3-ABA9-9AECB63EF4B5}.Release|Any CPU.Build.0 = Release|Any CPU
		{87C7A9FC-DDFC-9960-1091-424207EDFB15}.Debug|Any CPU.ActiveCfg = Debug|Any CPU
		{87C7A9FC-DDFC-9960-1091-424207EDFB15}.Debug|Any CPU.Build.0 = Debug|Any CPU
		{87C7A9FC-DDFC-9960-1091-424207EDFB15}.Release|Any CPU.ActiveCfg = Release|Any CPU
		{87C7A9FC-DDFC-9960-1091-424207EDFB15}.Release|Any CPU.Build.0 = Release|Any CPU
		{9E106B17-942A-FF50-A5D5-7ECEF1D8B976}.Debug|Any CPU.ActiveCfg = Debug|Any CPU
		{9E106B17-942A-FF50-A5D5-7ECEF1D8B976}.Debug|Any CPU.Build.0 = Debug|Any CPU
		{9E106B17-942A-FF50-A5D5-7ECEF1D8B976}.Release|Any CPU.ActiveCfg = Release|Any CPU
		{9E106B17-942A-FF50-A5D5-7ECEF1D8B976}.Release|Any CPU.Build.0 = Release|Any CPU
		{1BC1A64F-4896-6A15-46BD-63856F84DC07}.Debug|Any CPU.ActiveCfg = Debug|Any CPU
		{1BC1A64F-4896-6A15-46BD-63856F84DC07}.Debug|Any CPU.Build.0 = Debug|Any CPU
		{1BC1A64F-4896-6A15-46BD-63856F84DC07}.Release|Any CPU.ActiveCfg = Release|Any CPU
		{1BC1A64F-4896-6A15-46BD-63856F84DC07}.Release|Any CPU.Build.0 = Release|Any CPU
		{BD0CDD23-038A-D5AA-663B-E295F61BD82C}.Debug|Any CPU.ActiveCfg = Debug|Any CPU
		{BD0CDD23-038A-D5AA-663B-E295F61BD82C}.Debug|Any CPU.Build.0 = Debug|Any CPU
		{BD0CDD23-038A-D5AA-663B-E295F61BD82C}.Release|Any CPU.ActiveCfg = Release|Any CPU
		{BD0CDD23-038A-D5AA-663B-E295F61BD82C}.Release|Any CPU.Build.0 = Release|Any CPU
		{6FE4DBD9-BA0C-E261-A687-7056250AAE58}.Debug|Any CPU.ActiveCfg = Debug|Any CPU
		{6FE4DBD9-BA0C-E261-A687-7056250AAE58}.Debug|Any CPU.Build.0 = Debug|Any CPU
		{6FE4DBD9-BA0C-E261-A687-7056250AAE58}.Release|Any CPU.ActiveCfg = Release|Any CPU
		{6FE4DBD9-BA0C-E261-A687-7056250AAE58}.Release|Any CPU.Build.0 = Release|Any CPU
		{BAAF932D-FCFA-5DA4-B704-F20FE4680D7A}.Debug|Any CPU.ActiveCfg = Debug|Any CPU
		{BAAF932D-FCFA-5DA4-B704-F20FE4680D7A}.Debug|Any CPU.Build.0 = Debug|Any CPU
		{BAAF932D-FCFA-5DA4-B704-F20FE4680D7A}.Release|Any CPU.ActiveCfg = Release|Any CPU
		{BAAF932D-FCFA-5DA4-B704-F20FE4680D7A}.Release|Any CPU.Build.0 = Release|Any CPU
		{BBF6C431-DEC1-F0C2-F79B-8341EE4ECE17}.Debug|Any CPU.ActiveCfg = Debug|Any CPU
		{BBF6C431-DEC1-F0C2-F79B-8341EE4ECE17}.Debug|Any CPU.Build.0 = Debug|Any CPU
		{BBF6C431-DEC1-F0C2-F79B-8341EE4ECE17}.Release|Any CPU.ActiveCfg = Release|Any CPU
		{BBF6C431-DEC1-F0C2-F79B-8341EE4ECE17}.Release|Any CPU.Build.0 = Release|Any CPU
	EndGlobalSection
	GlobalSection(SolutionProperties) = preSolution
		HideSolutionNode = FALSE
	EndGlobalSection
EndGlobal
